{
  "name": "madeproof",
  "version": "0.1.0",
  "lockfileVersion": 3,
  "requires": true,
  "packages": {
    "": {
      "name": "madeproof",
      "version": "0.1.0",
      "workspaces": [
        "apps/*",
        "packages/*",
        "examples/*"
      ],
      "engines": {
        "node": ">=22.16.0"
      }
    }
  }
}
